
Microsoft Visual Studio Solution File, Format Version 12.00
# Visual Studio Version 17
VisualStudioVersion = 17.9.34723.18
MinimumVisualStudioVersion = 10.0.40219.1
Project("{FAE04EC0-301F-11D3-BF4B-00C04F79EFBC}") = "API-serv", "API-serv\API-serv.csproj", "{BBDD50C5-00D9-49B5-AFF2-0FCBCB5790C5}"
EndProject
Project("{E53339B2-1760-4266-BCC7-CA923CBCF16C}") = "docker-compose", "docker-compose.dcproj", "{78F53672-440A-4DA1-B94D-67ECD0BD3F61}"
EndProject
Global
	GlobalSection(SolutionConfigurationPlatforms) = preSolution
		Debug|Any CPU = Debug|Any CPU
		Release|Any CPU = Release|Any CPU
	EndGlobalSection
	GlobalSection(ProjectConfigurationPlatforms) = postSolution
		{BBDD50C5-00D9-49B5-AFF2-0FCBCB5790C5}.Debug|Any CPU.ActiveCfg = Debug|Any CPU
		{BBDD50C5-00D9-49B5-AFF2-0FCBCB5790C5}.Debug|Any CPU.Build.0 = Debug|Any CPU
		{BBDD50C5-00D9-49B5-AFF2-0FCBCB5790C5}.Release|Any CPU.ActiveCfg = Release|Any CPU
		{BBDD50C5-00D9-49B5-AFF2-0FCBCB5790C5}.Release|Any CPU.Build.0 = Release|Any CPU
		{78F53672-440A-4DA1-B94D-67ECD0BD3F61}.Debug|Any CPU.ActiveCfg = Debug|Any CPU
		{78F53672-440A-4DA1-B94D-67ECD0BD3F61}.Debug|Any CPU.Build.0 = Debug|Any CPU
		{78F53672-440A-4DA1-B94D-67ECD0BD3F61}.Release|Any CPU.ActiveCfg = Release|Any CPU
		{78F53672-440A-4DA1-B94D-67ECD0BD3F61}.Release|Any CPU.Build.0 = Release|Any CPU
	EndGlobalSection
	GlobalSection(SolutionProperties) = preSolution
		HideSolutionNode = FALSE
	EndGlobalSection
	GlobalSection(ExtensibilityGlobals) = postSolution
		SolutionGuid = {BEF5F39A-9357-449F-AF44-B8927D4A33CD}
	EndGlobalSection
EndGlobal
